// !$*UTF8*$!
{
	archiveVersion = 1;
	classes = {
	};
	objectVersion = 51;
	objects = {

/* Begin PBXBuildFile section */
		2B86D3B826F262D400173129 /* AppDelegate.swift in Sources */ = {isa = PBXBuildFile; fileRef = 2B86D3B726F262D400173129 /* AppDelegate.swift */; };
		2B86D3BA26F262D400173129 /* SceneDelegate.swift in Sources */ = {isa = PBXBuildFile; fileRef = 2B86D3B926F262D400173129 /* SceneDelegate.swift */; };
		2B86D3BC26F262D400173129 /* ViewController.swift in Sources */ = {isa = PBXBuildFile; fileRef = 2B86D3BB26F262D400173129 /* ViewController.swift */; };
		2B86D3BF26F262D400173129 /* Main.storyboard in Resources */ = {isa = PBXBuildFile; fileRef = 2B86D3BD26F262D400173129 /* Main.storyboard */; };
		2B86D3C126F262D500173129 /* Assets.xcassets in Resources */ = {isa = PBXBuildFile; fileRef = 2B86D3C026F262D500173129 /* Assets.xcassets */; };
		2B86D3C426F262D500173129 /* LaunchScreen.storyboard in Resources */ = {isa = PBXBuildFile; fileRef = 2B86D3C226F262D500173129 /* LaunchScreen.storyboard */; };
		2B86D3CF26F262D500173129 /* SimpleGithubSearchTests.swift in Sources */ = {isa = PBXBuildFile; fileRef = 2B86D3CE26F262D500173129 /* SimpleGithubSearchTests.swift */; };
		2B86D3F226F26C9600173129 /* NetworkDataSource.swift in Sources */ = {isa = PBXBuildFile; fileRef = 2B86D3F126F26C9600173129 /* NetworkDataSource.swift */; };
		2B86D3F526F270A300173129 /* GithubApiEndpoints.swift in Sources */ = {isa = PBXBuildFile; fileRef = 2B86D3F426F270A300173129 /* GithubApiEndpoints.swift */; };
		2B86D3F726F2858E00173129 /* SearchRepositoriesServiceImplementation.swift in Sources */ = {isa = PBXBuildFile; fileRef = 2B86D3F626F2858E00173129 /* SearchRepositoriesServiceImplementation.swift */; };
		2B86D3FD26F2866D00173129 /* SearchRepositories.swift in Sources */ = {isa = PBXBuildFile; fileRef = 2B86D3FC26F2866D00173129 /* SearchRepositories.swift */; };
		2B86D3FF26F28C2A00173129 /* SearchRepositoriesViewModel.swift in Sources */ = {isa = PBXBuildFile; fileRef = 2B86D3FE26F28C2A00173129 /* SearchRepositoriesViewModel.swift */; };
		2B86D40226F90F4700173129 /* GithubSearchFactory.swift in Sources */ = {isa = PBXBuildFile; fileRef = 2B86D40126F90F4700173129 /* GithubSearchFactory.swift */; };
		2B86D40626F90F7900173129 /* GithubSearchViewController.swift in Sources */ = {isa = PBXBuildFile; fileRef = 2B86D40426F90F7900173129 /* GithubSearchViewController.swift */; };
		2B86D40726F90F7900173129 /* GithubSearchViewController.xib in Resources */ = {isa = PBXBuildFile; fileRef = 2B86D40526F90F7900173129 /* GithubSearchViewController.xib */; };
		670FECDAF0197F9D3703F795 /* Pods_SimpleGithubSearchTests.framework in Frameworks */ = {isa = PBXBuildFile; fileRef = DA31DF88C25EC6D61F8023CD /* Pods_SimpleGithubSearchTests.framework */; };
		984B82640BF097B5567B4A03 /* Pods_SimpleGithubSearch.framework in Frameworks */ = {isa = PBXBuildFile; fileRef = 83FCC049E3748E85B58D3D2B /* Pods_SimpleGithubSearch.framework */; };
/* End PBXBuildFile section */

/* Begin PBXContainerItemProxy section */
		2B86D3CB26F262D500173129 /* PBXContainerItemProxy */ = {
			isa = PBXContainerItemProxy;
			containerPortal = 2B86D3AC26F262D400173129 /* Project object */;
			proxyType = 1;
			remoteGlobalIDString = 2B86D3B326F262D400173129;
			remoteInfo = SimpleGithubSearch;
		};
/* End PBXContainerItemProxy section */

/* Begin PBXFileReference section */
		1C4F5F3F21AE0899EF8601F6 /* Pods-SimpleGithubSearchTests.release.xcconfig */ = {isa = PBXFileReference; includeInIndex = 1; lastKnownFileType = text.xcconfig; name = "Pods-SimpleGithubSearchTests.release.xcconfig"; path = "Target Support Files/Pods-SimpleGithubSearchTests/Pods-SimpleGithubSearchTests.release.xcconfig"; sourceTree = "<group>"; };
		2B86D3B426F262D400173129 /* SimpleGithubSearch.app */ = {isa = PBXFileReference; explicitFileType = wrapper.application; includeInIndex = 0; path = SimpleGithubSearch.app; sourceTree = BUILT_PRODUCTS_DIR; };
		2B86D3B726F262D400173129 /* AppDelegate.swift */ = {isa = PBXFileReference; lastKnownFileType = sourcecode.swift; path = AppDelegate.swift; sourceTree = "<group>"; };
		2B86D3B926F262D400173129 /* SceneDelegate.swift */ = {isa = PBXFileReference; lastKnownFileType = sourcecode.swift; path = SceneDelegate.swift; sourceTree = "<group>"; };
		2B86D3BB26F262D400173129 /* ViewController.swift */ = {isa = PBXFileReference; lastKnownFileType = sourcecode.swift; path = ViewController.swift; sourceTree = "<group>"; };
		2B86D3BE26F262D400173129 /* Base */ = {isa = PBXFileReference; lastKnownFileType = file.storyboard; name = Base; path = Base.lproj/Main.storyboard; sourceTree = "<group>"; };
		2B86D3C026F262D500173129 /* Assets.xcassets */ = {isa = PBXFileReference; lastKnownFileType = folder.assetcatalog; path = Assets.xcassets; sourceTree = "<group>"; };
		2B86D3C326F262D500173129 /* Base */ = {isa = PBXFileReference; lastKnownFileType = file.storyboard; name = Base; path = Base.lproj/LaunchScreen.storyboard; sourceTree = "<group>"; };
		2B86D3C526F262D500173129 /* Info.plist */ = {isa = PBXFileReference; lastKnownFileType = text.plist.xml; path = Info.plist; sourceTree = "<group>"; };
		2B86D3CA26F262D500173129 /* SimpleGithubSearchTests.xctest */ = {isa = PBXFileReference; explicitFileType = wrapper.cfbundle; includeInIndex = 0; path = SimpleGithubSearchTests.xctest; sourceTree = BUILT_PRODUCTS_DIR; };
		2B86D3CE26F262D500173129 /* SimpleGithubSearchTests.swift */ = {isa = PBXFileReference; lastKnownFileType = sourcecode.swift; path = SimpleGithubSearchTests.swift; sourceTree = "<group>"; };
		2B86D3D026F262D500173129 /* Info.plist */ = {isa = PBXFileReference; lastKnownFileType = text.plist.xml; path = Info.plist; sourceTree = "<group>"; };
		2B86D3F126F26C9600173129 /* NetworkDataSource.swift */ = {isa = PBXFileReference; lastKnownFileType = sourcecode.swift; path = NetworkDataSource.swift; sourceTree = "<group>"; };
		2B86D3F426F270A300173129 /* GithubApiEndpoints.swift */ = {isa = PBXFileReference; lastKnownFileType = sourcecode.swift; path = GithubApiEndpoints.swift; sourceTree = "<group>"; };
		2B86D3F626F2858E00173129 /* SearchRepositoriesServiceImplementation.swift */ = {isa = PBXFileReference; lastKnownFileType = sourcecode.swift; path = SearchRepositoriesServiceImplementation.swift; sourceTree = "<group>"; };
		2B86D3FC26F2866D00173129 /* SearchRepositories.swift */ = {isa = PBXFileReference; lastKnownFileType = sourcecode.swift; path = SearchRepositories.swift; sourceTree = "<group>"; };
		2B86D3FE26F28C2A00173129 /* SearchRepositoriesViewModel.swift */ = {isa = PBXFileReference; lastKnownFileType = sourcecode.swift; path = SearchRepositoriesViewModel.swift; sourceTree = "<group>"; };
		2B86D40126F90F4700173129 /* GithubSearchFactory.swift */ = {isa = PBXFileReference; lastKnownFileType = sourcecode.swift; path = GithubSearchFactory.swift; sourceTree = "<group>"; };
		2B86D40426F90F7900173129 /* GithubSearchViewController.swift */ = {isa = PBXFileReference; lastKnownFileType = sourcecode.swift; path = GithubSearchViewController.swift; sourceTree = "<group>"; };
		2B86D40526F90F7900173129 /* GithubSearchViewController.xib */ = {isa = PBXFileReference; lastKnownFileType = file.xib; path = GithubSearchViewController.xib; sourceTree = "<group>"; };
		57463456024E7C3603B368FB /* Pods-SimpleGithubSearch.debug.xcconfig */ = {isa = PBXFileReference; includeInIndex = 1; lastKnownFileType = text.xcconfig; name = "Pods-SimpleGithubSearch.debug.xcconfig"; path = "Target Support Files/Pods-SimpleGithubSearch/Pods-SimpleGithubSearch.debug.xcconfig"; sourceTree = "<group>"; };
		5CEA7F70A9750374C369ABB3 /* Pods-SimpleGithubSearch.release.xcconfig */ = {isa = PBXFileReference; includeInIndex = 1; lastKnownFileType = text.xcconfig; name = "Pods-SimpleGithubSearch.release.xcconfig"; path = "Target Support Files/Pods-SimpleGithubSearch/Pods-SimpleGithubSearch.release.xcconfig"; sourceTree = "<group>"; };
		83FCC049E3748E85B58D3D2B /* Pods_SimpleGithubSearch.framework */ = {isa = PBXFileReference; explicitFileType = wrapper.framework; includeInIndex = 0; path = Pods_SimpleGithubSearch.framework; sourceTree = BUILT_PRODUCTS_DIR; };
		A58B2235F68C022927A401BD /* Pods-SimpleGithubSearchTests.debug.xcconfig */ = {isa = PBXFileReference; includeInIndex = 1; lastKnownFileType = text.xcconfig; name = "Pods-SimpleGithubSearchTests.debug.xcconfig"; path = "Target Support Files/Pods-SimpleGithubSearchTests/Pods-SimpleGithubSearchTests.debug.xcconfig"; sourceTree = "<group>"; };
		DA31DF88C25EC6D61F8023CD /* Pods_SimpleGithubSearchTests.framework */ = {isa = PBXFileReference; explicitFileType = wrapper.framework; includeInIndex = 0; path = Pods_SimpleGithubSearchTests.framework; sourceTree = BUILT_PRODUCTS_DIR; };
/* End PBXFileReference section */

/* Begin PBXFrameworksBuildPhase section */
		2B86D3B126F262D400173129 /* Frameworks */ = {
			isa = PBXFrameworksBuildPhase;
			buildActionMask = 2147483647;
			files = (
				984B82640BF097B5567B4A03 /* Pods_SimpleGithubSearch.framework in Frameworks */,
			);
			runOnlyForDeploymentPostprocessing = 0;
		};
		2B86D3C726F262D500173129 /* Frameworks */ = {
			isa = PBXFrameworksBuildPhase;
			buildActionMask = 2147483647;
			files = (
				670FECDAF0197F9D3703F795 /* Pods_SimpleGithubSearchTests.framework in Frameworks */,
			);
			runOnlyForDeploymentPostprocessing = 0;
		};
/* End PBXFrameworksBuildPhase section */

/* Begin PBXGroup section */
		1F1F8B684FEFA327457D1EA1 /* Pods */ = {
			isa = PBXGroup;
			children = (
				57463456024E7C3603B368FB /* Pods-SimpleGithubSearch.debug.xcconfig */,
				5CEA7F70A9750374C369ABB3 /* Pods-SimpleGithubSearch.release.xcconfig */,
				A58B2235F68C022927A401BD /* Pods-SimpleGithubSearchTests.debug.xcconfig */,
				1C4F5F3F21AE0899EF8601F6 /* Pods-SimpleGithubSearchTests.release.xcconfig */,
			);
			path = Pods;
			sourceTree = "<group>";
		};
		2B86D3AB26F262D400173129 = {
			isa = PBXGroup;
			children = (
				2B86D3B626F262D400173129 /* SimpleGithubSearch */,
				2B86D3CD26F262D500173129 /* SimpleGithubSearchTests */,
				2B86D3B526F262D400173129 /* Products */,
				1F1F8B684FEFA327457D1EA1 /* Pods */,
				B0A45F7AEA439DDC6233C45B /* Frameworks */,
			);
			sourceTree = "<group>";
		};
		2B86D3B526F262D400173129 /* Products */ = {
			isa = PBXGroup;
			children = (
				2B86D3B426F262D400173129 /* SimpleGithubSearch.app */,
				2B86D3CA26F262D500173129 /* SimpleGithubSearchTests.xctest */,
			);
			name = Products;
			sourceTree = "<group>";
		};
		2B86D3B626F262D400173129 /* SimpleGithubSearch */ = {
			isa = PBXGroup;
			children = (
				2B86D40026F90EE000173129 /* Factory */,
				2B86D3EA26F2631000173129 /* Domain */,
				2B86D3E926F2630C00173129 /* Data */,
				2B86D3E826F2630700173129 /* Presentation */,
				2B86D3E726F2630300173129 /* SupportFiles */,
			);
			path = SimpleGithubSearch;
			sourceTree = "<group>";
		};
		2B86D3CD26F262D500173129 /* SimpleGithubSearchTests */ = {
			isa = PBXGroup;
			children = (
				2B86D3CE26F262D500173129 /* SimpleGithubSearchTests.swift */,
				2B86D3D026F262D500173129 /* Info.plist */,
			);
			path = SimpleGithubSearchTests;
			sourceTree = "<group>";
		};
		2B86D3E726F2630300173129 /* SupportFiles */ = {
			isa = PBXGroup;
			children = (
				2B86D3B726F262D400173129 /* AppDelegate.swift */,
				2B86D3B926F262D400173129 /* SceneDelegate.swift */,
				2B86D3C526F262D500173129 /* Info.plist */,
			);
			path = SupportFiles;
			sourceTree = "<group>";
		};
		2B86D3E826F2630700173129 /* Presentation */ = {
			isa = PBXGroup;
			children = (
				2B86D3EC26F2638300173129 /* ViewModel */,
				2B86D3EB26F2637F00173129 /* View */,
				2B86D3C026F262D500173129 /* Assets.xcassets */,
			);
			path = Presentation;
			sourceTree = "<group>";
		};
		2B86D3E926F2630C00173129 /* Data */ = {
			isa = PBXGroup;
			children = (
				2B86D3FB26F285B000173129 /* DTO */,
				2B86D3EF26F263DB00173129 /* Gateway */,
				2B86D3F626F2858E00173129 /* SearchRepositoriesServiceImplementation.swift */,
			);
			name = Data;
			sourceTree = "<group>";
		};
		2B86D3EA26F2631000173129 /* Domain */ = {
			isa = PBXGroup;
			children = (
				2B86D3FA26F285A500173129 /* Interactor */,
			);
			path = Domain;
			sourceTree = "<group>";
		};
		2B86D3EB26F2637F00173129 /* View */ = {
			isa = PBXGroup;
			children = (
				2B86D3C226F262D500173129 /* LaunchScreen.storyboard */,
				2B86D3BD26F262D400173129 /* Main.storyboard */,
				2B86D3BB26F262D400173129 /* ViewController.swift */,
				2B86D40426F90F7900173129 /* GithubSearchViewController.swift */,
				2B86D40526F90F7900173129 /* GithubSearchViewController.xib */,
			);
			path = View;
			sourceTree = "<group>";
		};
		2B86D3EC26F2638300173129 /* ViewModel */ = {
			isa = PBXGroup;
			children = (
				2B86D3FE26F28C2A00173129 /* SearchRepositoriesViewModel.swift */,
			);
			path = ViewModel;
			sourceTree = "<group>";
		};
		2B86D3EF26F263DB00173129 /* Gateway */ = {
			isa = PBXGroup;
			children = (
				2B86D3F326F2709500173129 /* Endpoint */,
				2B86D3F126F26C9600173129 /* NetworkDataSource.swift */,
			);
			name = Gateway;
			sourceTree = "<group>";
		};
		2B86D3F326F2709500173129 /* Endpoint */ = {
			isa = PBXGroup;
			children = (
				2B86D3F426F270A300173129 /* GithubApiEndpoints.swift */,
			);
			name = Endpoint;
			sourceTree = "<group>";
		};
		2B86D3FA26F285A500173129 /* Interactor */ = {
			isa = PBXGroup;
			children = (
				2B86D3FC26F2866D00173129 /* SearchRepositories.swift */,
			);
			path = Interactor;
			sourceTree = "<group>";
		};
		2B86D3FB26F285B000173129 /* DTO */ = {
			isa = PBXGroup;
			children = (
			);
			name = DTO;
			sourceTree = "<group>";
		};
		2B86D40026F90EE000173129 /* Factory */ = {
			isa = PBXGroup;
			children = (
				2B86D40126F90F4700173129 /* GithubSearchFactory.swift */,
			);
			path = Factory;
			sourceTree = "<group>";
		};
		B0A45F7AEA439DDC6233C45B /* Frameworks */ = {
			isa = PBXGroup;
			children = (
				83FCC049E3748E85B58D3D2B /* Pods_SimpleGithubSearch.framework */,
				DA31DF88C25EC6D61F8023CD /* Pods_SimpleGithubSearchTests.framework */,
			);
			name = Frameworks;
			sourceTree = "<group>";
		};
/* End PBXGroup section */

/* Begin PBXNativeTarget section */
		2B86D3B326F262D400173129 /* SimpleGithubSearch */ = {
			isa = PBXNativeTarget;
			buildConfigurationList = 2B86D3DE26F262D500173129 /* Build configuration list for PBXNativeTarget "SimpleGithubSearch" */;
			buildPhases = (
				1BF9CAA7831C70F1AE2A1C68 /* [CP] Check Pods Manifest.lock */,
				2B86D3B026F262D400173129 /* Sources */,
				2B86D3B126F262D400173129 /* Frameworks */,
				2B86D3B226F262D400173129 /* Resources */,
				14EA3A2213980B6D43570BBC /* [CP] Embed Pods Frameworks */,
			);
			buildRules = (
			);
			dependencies = (
			);
			name = SimpleGithubSearch;
			productName = SimpleGithubSearch;
			productReference = 2B86D3B426F262D400173129 /* SimpleGithubSearch.app */;
			productType = "com.apple.product-type.application";
		};
		2B86D3C926F262D500173129 /* SimpleGithubSearchTests */ = {
			isa = PBXNativeTarget;
			buildConfigurationList = 2B86D3E126F262D500173129 /* Build configuration list for PBXNativeTarget "SimpleGithubSearchTests" */;
			buildPhases = (
				7F5370A73133B671CF74EFDF /* [CP] Check Pods Manifest.lock */,
				2B86D3C626F262D500173129 /* Sources */,
				2B86D3C726F262D500173129 /* Frameworks */,
				2B86D3C826F262D500173129 /* Resources */,
			);
			buildRules = (
			);
			dependencies = (
				2B86D3CC26F262D500173129 /* PBXTargetDependency */,
			);
			name = SimpleGithubSearchTests;
			productName = SimpleGithubSearchTests;
			productReference = 2B86D3CA26F262D500173129 /* SimpleGithubSearchTests.xctest */;
			productType = "com.apple.product-type.bundle.unit-test";
		};
/* End PBXNativeTarget section */

/* Begin PBXProject section */
		2B86D3AC26F262D400173129 /* Project object */ = {
			isa = PBXProject;
			attributes = {
				LastSwiftUpdateCheck = 1250;
				LastUpgradeCheck = 1250;
				TargetAttributes = {
					2B86D3B326F262D400173129 = {
						CreatedOnToolsVersion = 12.5.1;
					};
					2B86D3C926F262D500173129 = {
						CreatedOnToolsVersion = 12.5.1;
						TestTargetID = 2B86D3B326F262D400173129;
					};
				};
			};
			buildConfigurationList = 2B86D3AF26F262D400173129 /* Build configuration list for PBXProject "SimpleGithubSearch" */;
			compatibilityVersion = "Xcode 9.3";
			developmentRegion = en;
			hasScannedForEncodings = 0;
			knownRegions = (
				en,
				Base,
			);
			mainGroup = 2B86D3AB26F262D400173129;
			productRefGroup = 2B86D3B526F262D400173129 /* Products */;
			projectDirPath = "";
			projectRoot = "";
			targets = (
				2B86D3B326F262D400173129 /* SimpleGithubSearch */,
				2B86D3C926F262D500173129 /* SimpleGithubSearchTests */,
			);
		};
/* End PBXProject section */

/* Begin PBXResourcesBuildPhase section */
		2B86D3B226F262D400173129 /* Resources */ = {
			isa = PBXResourcesBuildPhase;
			buildActionMask = 2147483647;
			files = (
				2B86D3C426F262D500173129 /* LaunchScreen.storyboard in Resources */,
				2B86D3C126F262D500173129 /* Assets.xcassets in Resources */,
				2B86D3BF26F262D400173129 /* Main.storyboard in Resources */,
				2B86D40726F90F7900173129 /* GithubSearchViewController.xib in Resources */,
			);
			runOnlyForDeploymentPostprocessing = 0;
		};
		2B86D3C826F262D500173129 /* Resources */ = {
			isa = PBXResourcesBuildPhase;
			buildActionMask = 2147483647;
			files = (
			);
			runOnlyForDeploymentPostprocessing = 0;
		};
/* End PBXResourcesBuildPhase section */

/* Begin PBXShellScriptBuildPhase section */
		14EA3A2213980B6D43570BBC /* [CP] Embed Pods Frameworks */ = {
			isa = PBXShellScriptBuildPhase;
			buildActionMask = 2147483647;
			files = (
			);
			inputFileListPaths = (
				"${PODS_ROOT}/Target Support Files/Pods-SimpleGithubSearch/Pods-SimpleGithubSearch-frameworks-${CONFIGURATION}-input-files.xcfilelist",
			);
			name = "[CP] Embed Pods Frameworks";
			outputFileListPaths = (
				"${PODS_ROOT}/Target Support Files/Pods-SimpleGithubSearch/Pods-SimpleGithubSearch-frameworks-${CONFIGURATION}-output-files.xcfilelist",
			);
			runOnlyForDeploymentPostprocessing = 0;
			shellPath = /bin/sh;
			shellScript = "\"${PODS_ROOT}/Target Support Files/Pods-SimpleGithubSearch/Pods-SimpleGithubSearch-frameworks.sh\"\n";
			showEnvVarsInLog = 0;
		};
		1BF9CAA7831C70F1AE2A1C68 /* [CP] Check Pods Manifest.lock */ = {
			isa = PBXShellScriptBuildPhase;
			buildActionMask = 2147483647;
			files = (
			);
			inputFileListPaths = (
			);
			inputPaths = (
				"${PODS_PODFILE_DIR_PATH}/Podfile.lock",
				"${PODS_ROOT}/Manifest.lock",
			);
			name = "[CP] Check Pods Manifest.lock";
			outputFileListPaths = (
			);
			outputPaths = (
				"$(DERIVED_FILE_DIR)/Pods-SimpleGithubSearch-checkManifestLockResult.txt",
			);
			runOnlyForDeploymentPostprocessing = 0;
			shellPath = /bin/sh;
			shellScript = "diff \"${PODS_PODFILE_DIR_PATH}/Podfile.lock\" \"${PODS_ROOT}/Manifest.lock\" > /dev/null\nif [ $? != 0 ] ; then\n    # print error to STDERR\n    echo \"error: The sandbox is not in sync with the Podfile.lock. Run 'pod install' or update your CocoaPods installation.\" >&2\n    exit 1\nfi\n# This output is used by Xcode 'outputs' to avoid re-running this script phase.\necho \"SUCCESS\" > \"${SCRIPT_OUTPUT_FILE_0}\"\n";
			showEnvVarsInLog = 0;
		};
		7F5370A73133B671CF74EFDF /* [CP] Check Pods Manifest.lock */ = {
			isa = PBXShellScriptBuildPhase;
			buildActionMask = 2147483647;
			files = (
			);
			inputFileListPaths = (
			);
			inputPaths = (
				"${PODS_PODFILE_DIR_PATH}/Podfile.lock",
				"${PODS_ROOT}/Manifest.lock",
			);
			name = "[CP] Check Pods Manifest.lock";
			outputFileListPaths = (
			);
			outputPaths = (
				"$(DERIVED_FILE_DIR)/Pods-SimpleGithubSearchTests-checkManifestLockResult.txt",
			);
			runOnlyForDeploymentPostprocessing = 0;
			shellPath = /bin/sh;
			shellScript = "diff \"${PODS_PODFILE_DIR_PATH}/Podfile.lock\" \"${PODS_ROOT}/Manifest.lock\" > /dev/null\nif [ $? != 0 ] ; then\n    # print error to STDERR\n    echo \"error: The sandbox is not in sync with the Podfile.lock. Run 'pod install' or update your CocoaPods installation.\" >&2\n    exit 1\nfi\n# This output is used by Xcode 'outputs' to avoid re-running this script phase.\necho \"SUCCESS\" > \"${SCRIPT_OUTPUT_FILE_0}\"\n";
			showEnvVarsInLog = 0;
		};
/* End PBXShellScriptBuildPhase section */

/* Begin PBXSourcesBuildPhase section */
		2B86D3B026F262D400173129 /* Sources */ = {
			isa = PBXSourcesBuildPhase;
			buildActionMask = 2147483647;
			files = (
				2B86D40626F90F7900173129 /* GithubSearchViewController.swift in Sources */,
				2B86D3BC26F262D400173129 /* ViewController.swift in Sources */,
				2B86D3FD26F2866D00173129 /* SearchRepositories.swift in Sources */,
				2B86D3B826F262D400173129 /* AppDelegate.swift in Sources */,
				2B86D3FF26F28C2A00173129 /* SearchRepositoriesViewModel.swift in Sources */,
				2B86D3F526F270A300173129 /* GithubApiEndpoints.swift in Sources */,
				2B86D3BA26F262D400173129 /* SceneDelegate.swift in Sources */,
				2B86D3F226F26C9600173129 /* NetworkDataSource.swift in Sources */,
				2B86D3F726F2858E00173129 /* SearchRepositoriesServiceImplementation.swift in Sources */,
				2B86D40226F90F4700173129 /* GithubSearchFactory.swift in Sources */,
			);
			runOnlyForDeploymentPostprocessing = 0;
		};
		2B86D3C626F262D500173129 /* Sources */ = {
			isa = PBXSourcesBuildPhase;
			buildActionMask = 2147483647;
			files = (
				2B86D3CF26F262D500173129 /* SimpleGithubSearchTests.swift in Sources */,
			);
			runOnlyForDeploymentPostprocessing = 0;
		};
/* End PBXSourcesBuildPhase section */

/* Begin PBXTargetDependency section */
		2B86D3CC26F262D500173129 /* PBXTargetDependency */ = {
			isa = PBXTargetDependency;
			target = 2B86D3B326F262D400173129 /* SimpleGithubSearch */;
			targetProxy = 2B86D3CB26F262D500173129 /* PBXContainerItemProxy */;
		};
/* End PBXTargetDependency section */

/* Begin PBXVariantGroup section */
		2B86D3BD26F262D400173129 /* Main.storyboard */ = {
			isa = PBXVariantGroup;
			children = (
				2B86D3BE26F262D400173129 /* Base */,
			);
			name = Main.storyboard;
			sourceTree = "<group>";
		};
		2B86D3C226F262D500173129 /* LaunchScreen.storyboard */ = {
			isa = PBXVariantGroup;
			children = (
				2B86D3C326F262D500173129 /* Base */,
			);
			name = LaunchScreen.storyboard;
			sourceTree = "<group>";
		};
/* End PBXVariantGroup section */

/* Begin XCBuildConfiguration section */
		2B86D3DC26F262D500173129 /* Debug */ = {
			isa = XCBuildConfiguration;
			buildSettings = {
				ALWAYS_SEARCH_USER_PATHS = NO;
				CLANG_ANALYZER_NONNULL = YES;
				CLANG_ANALYZER_NUMBER_OBJECT_CONVERSION = YES_AGGRESSIVE;
				CLANG_CXX_LANGUAGE_STANDARD = "gnu++14";
				CLANG_CXX_LIBRARY = "libc++";
				CLANG_ENABLE_MODULES = YES;
				CLANG_ENABLE_OBJC_ARC = YES;
				CLANG_ENABLE_OBJC_WEAK = YES;
				CLANG_WARN_BLOCK_CAPTURE_AUTORELEASING = YES;
				CLANG_WARN_BOOL_CONVERSION = YES;
				CLANG_WARN_COMMA = YES;
				CLANG_WARN_CONSTANT_CONVERSION = YES;
				CLANG_WARN_DEPRECATED_OBJC_IMPLEMENTATIONS = YES;
				CLANG_WARN_DIRECT_OBJC_ISA_USAGE = YES_ERROR;
				CLANG_WARN_DOCUMENTATION_COMMENTS = YES;
				CLANG_WARN_EMPTY_BODY = YES;
				CLANG_WARN_ENUM_CONVERSION = YES;
				CLANG_WARN_INFINITE_RECURSION = YES;
				CLANG_WARN_INT_CONVERSION = YES;
				CLANG_WARN_NON_LITERAL_NULL_CONVERSION = YES;
				CLANG_WARN_OBJC_IMPLICIT_RETAIN_SELF = YES;
				CLANG_WARN_OBJC_LITERAL_CONVERSION = YES;
				CLANG_WARN_OBJC_ROOT_CLASS = YES_ERROR;
				CLANG_WARN_QUOTED_INCLUDE_IN_FRAMEWORK_HEADER = YES;
				CLANG_WARN_RANGE_LOOP_ANALYSIS = YES;
				CLANG_WARN_STRICT_PROTOTYPES = YES;
				CLANG_WARN_SUSPICIOUS_MOVE = YES;
				CLANG_WARN_UNGUARDED_AVAILABILITY = YES_AGGRESSIVE;
				CLANG_WARN_UNREACHABLE_CODE = YES;
				CLANG_WARN__DUPLICATE_METHOD_MATCH = YES;
				COPY_PHASE_STRIP = NO;
				DEBUG_INFORMATION_FORMAT = dwarf;
				ENABLE_STRICT_OBJC_MSGSEND = YES;
				ENABLE_TESTABILITY = YES;
				GCC_C_LANGUAGE_STANDARD = gnu11;
				GCC_DYNAMIC_NO_PIC = NO;
				GCC_NO_COMMON_BLOCKS = YES;
				GCC_OPTIMIZATION_LEVEL = 0;
				GCC_PREPROCESSOR_DEFINITIONS = (
					"DEBUG=1",
					"$(inherited)",
				);
				GCC_WARN_64_TO_32_BIT_CONVERSION = YES;
				GCC_WARN_ABOUT_RETURN_TYPE = YES_ERROR;
				GCC_WARN_UNDECLARED_SELECTOR = YES;
				GCC_WARN_UNINITIALIZED_AUTOS = YES_AGGRESSIVE;
				GCC_WARN_UNUSED_FUNCTION = YES;
				GCC_WARN_UNUSED_VARIABLE = YES;
				IPHONEOS_DEPLOYMENT_TARGET = 14.5;
				MTL_ENABLE_DEBUG_INFO = INCLUDE_SOURCE;
				MTL_FAST_MATH = YES;
				ONLY_ACTIVE_ARCH = YES;
				SDKROOT = iphoneos;
				SWIFT_ACTIVE_COMPILATION_CONDITIONS = DEBUG;
				SWIFT_OPTIMIZATION_LEVEL = "-Onone";
			};
			name = Debug;
		};
		2B86D3DD26F262D500173129 /* Release */ = {
			isa = XCBuildConfiguration;
			buildSettings = {
				ALWAYS_SEARCH_USER_PATHS = NO;
				CLANG_ANALYZER_NONNULL = YES;
				CLANG_ANALYZER_NUMBER_OBJECT_CONVERSION = YES_AGGRESSIVE;
				CLANG_CXX_LANGUAGE_STANDARD = "gnu++14";
				CLANG_CXX_LIBRARY = "libc++";
				CLANG_ENABLE_MODULES = YES;
				CLANG_ENABLE_OBJC_ARC = YES;
				CLANG_ENABLE_OBJC_WEAK = YES;
				CLANG_WARN_BLOCK_CAPTURE_AUTORELEASING = YES;
				CLANG_WARN_BOOL_CONVERSION = YES;
				CLANG_WARN_COMMA = YES;
				CLANG_WARN_CONSTANT_CONVERSION = YES;
				CLANG_WARN_DEPRECATED_OBJC_IMPLEMENTATIONS = YES;
				CLANG_WARN_DIRECT_OBJC_ISA_USAGE = YES_ERROR;
				CLANG_WARN_DOCUMENTATION_COMMENTS = YES;
				CLANG_WARN_EMPTY_BODY = YES;
				CLANG_WARN_ENUM_CONVERSION = YES;
				CLANG_WARN_INFINITE_RECURSION = YES;
				CLANG_WARN_INT_CONVERSION = YES;
				CLANG_WARN_NON_LITERAL_NULL_CONVERSION = YES;
				CLANG_WARN_OBJC_IMPLICIT_RETAIN_SELF = YES;
				CLANG_WARN_OBJC_LITERAL_CONVERSION = YES;
				CLANG_WARN_OBJC_ROOT_CLASS = YES_ERROR;
				CLANG_WARN_QUOTED_INCLUDE_IN_FRAMEWORK_HEADER = YES;
				CLANG_WARN_RANGE_LOOP_ANALYSIS = YES;
				CLANG_WARN_STRICT_PROTOTYPES = YES;
				CLANG_WARN_SUSPICIOUS_MOVE = YES;
				CLANG_WARN_UNGUARDED_AVAILABILITY = YES_AGGRESSIVE;
				CLANG_WARN_UNREACHABLE_CODE = YES;
				CLANG_WARN__DUPLICATE_METHOD_MATCH = YES;
				COPY_PHASE_STRIP = NO;
				DEBUG_INFORMATION_FORMAT = "dwarf-with-dsym";
				ENABLE_NS_ASSERTIONS = NO;
				ENABLE_STRICT_OBJC_MSGSEND = YES;
				GCC_C_LANGUAGE_STANDARD = gnu11;
				GCC_NO_COMMON_BLOCKS = YES;
				GCC_WARN_64_TO_32_BIT_CONVERSION = YES;
				GCC_WARN_ABOUT_RETURN_TYPE = YES_ERROR;
				GCC_WARN_UNDECLARED_SELECTOR = YES;
				GCC_WARN_UNINITIALIZED_AUTOS = YES_AGGRESSIVE;
				GCC_WARN_UNUSED_FUNCTION = YES;
				GCC_WARN_UNUSED_VARIABLE = YES;
				IPHONEOS_DEPLOYMENT_TARGET = 14.5;
				MTL_ENABLE_DEBUG_INFO = NO;
				MTL_FAST_MATH = YES;
				SDKROOT = iphoneos;
				SWIFT_COMPILATION_MODE = wholemodule;
				SWIFT_OPTIMIZATION_LEVEL = "-O";
				VALIDATE_PRODUCT = YES;
			};
			name = Release;
		};
		2B86D3DF26F262D500173129 /* Debug */ = {
			isa = XCBuildConfiguration;
			baseConfigurationReference = 57463456024E7C3603B368FB /* Pods-SimpleGithubSearch.debug.xcconfig */;
			buildSettings = {
				ASSETCATALOG_COMPILER_APPICON_NAME = AppIcon;
				ASSETCATALOG_COMPILER_GLOBAL_ACCENT_COLOR_NAME = AccentColor;
				CODE_SIGN_STYLE = Manual;
				DEVELOPMENT_ASSET_PATHS = "";
				DEVELOPMENT_TEAM = "";
				INFOPLIST_FILE = "$(SRCROOT)/SimpleGithubSearch/SupportFiles/Info.plist";
				LD_RUNPATH_SEARCH_PATHS = (
					"$(inherited)",
					"@executable_path/Frameworks",
				);
				PRODUCT_BUNDLE_IDENTIFIER = br.com.SimpleGithubSearch;
				PRODUCT_NAME = "$(TARGET_NAME)";
				PROVISIONING_PROFILE_SPECIFIER = "";
				SWIFT_VERSION = 5.0;
				TARGETED_DEVICE_FAMILY = "1,2";
			};
			name = Debug;
		};
		2B86D3E026F262D500173129 /* Release */ = {
			isa = XCBuildConfiguration;
			baseConfigurationReference = 5CEA7F70A9750374C369ABB3 /* Pods-SimpleGithubSearch.release.xcconfig */;
			buildSettings = {
				ASSETCATALOG_COMPILER_APPICON_NAME = AppIcon;
				ASSETCATALOG_COMPILER_GLOBAL_ACCENT_COLOR_NAME = AccentColor;
				CODE_SIGN_STYLE = Manual;
				DEVELOPMENT_ASSET_PATHS = "";
				DEVELOPMENT_TEAM = "";
				INFOPLIST_FILE = "$(SRCROOT)/SimpleGithubSearch/SupportFiles/Info.plist";
				LD_RUNPATH_SEARCH_PATHS = (
					"$(inherited)",
					"@executable_path/Frameworks",
				);
				PRODUCT_BUNDLE_IDENTIFIER = br.com.SimpleGithubSearch;
				PRODUCT_NAME = "$(TARGET_NAME)";
				PROVISIONING_PROFILE_SPECIFIER = "";
				SWIFT_VERSION = 5.0;
				TARGETED_DEVICE_FAMILY = "1,2";
			};
			name = Release;
		};
		2B86D3E226F262D500173129 /* Debug */ = {
			isa = XCBuildConfiguration;
			baseConfigurationReference = A58B2235F68C022927A401BD /* Pods-SimpleGithubSearchTests.debug.xcconfig */;
			buildSettings = {
				ALWAYS_EMBED_SWIFT_STANDARD_LIBRARIES = YES;
				BUNDLE_LOADER = "$(TEST_HOST)";
				CODE_SIGN_STYLE = Automatic;
				INFOPLIST_FILE = SimpleGithubSearchTests/Info.plist;
				IPHONEOS_DEPLOYMENT_TARGET = 14.5;
				LD_RUNPATH_SEARCH_PATHS = (
					"$(inherited)",
					"@executable_path/Frameworks",
					"@loader_path/Frameworks",
				);
				PRODUCT_BUNDLE_IDENTIFIER = br.com.SimpleGithubSearchTests;
				PRODUCT_NAME = "$(TARGET_NAME)";
				SWIFT_VERSION = 5.0;
				TARGETED_DEVICE_FAMILY = "1,2";
				TEST_HOST = "$(BUILT_PRODUCTS_DIR)/SimpleGithubSearch.app/SimpleGithubSearch";
			};
			name = Debug;
		};
		2B86D3E326F262D500173129 /* Release */ = {
			isa = XCBuildConfiguration;
			baseConfigurationReference = 1C4F5F3F21AE0899EF8601F6 /* Pods-SimpleGithubSearchTests.release.xcconfig */;
			buildSettings = {
				ALWAYS_EMBED_SWIFT_STANDARD_LIBRARIES = YES;
				BUNDLE_LOADER = "$(TEST_HOST)";
				CODE_SIGN_STYLE = Automatic;
				INFOPLIST_FILE = SimpleGithubSearchTests/Info.plist;
				IPHONEOS_DEPLOYMENT_TARGET = 14.5;
				LD_RUNPATH_SEARCH_PATHS = (
					"$(inherited)",
					"@executable_path/Frameworks",
					"@loader_path/Frameworks",
				);
				PRODUCT_BUNDLE_IDENTIFIER = br.com.SimpleGithubSearchTests;
				PRODUCT_NAME = "$(TARGET_NAME)";
				SWIFT_VERSION = 5.0;
				TARGETED_DEVICE_FAMILY = "1,2";
				TEST_HOST = "$(BUILT_PRODUCTS_DIR)/SimpleGithubSearch.app/SimpleGithubSearch";
			};
			name = Release;
		};
/* End XCBuildConfiguration section */

/* Begin XCConfigurationList section */
		2B86D3AF26F262D400173129 /* Build configuration list for PBXProject "SimpleGithubSearch" */ = {
			isa = XCConfigurationList;
			buildConfigurations = (
				2B86D3DC26F262D500173129 /* Debug */,
				2B86D3DD26F262D500173129 /* Release */,
			);
			defaultConfigurationIsVisible = 0;
			defaultConfigurationName = Release;
		};
		2B86D3DE26F262D500173129 /* Build configuration list for PBXNativeTarget "SimpleGithubSearch" */ = {
			isa = XCConfigurationList;
			buildConfigurations = (
				2B86D3DF26F262D500173129 /* Debug */,
				2B86D3E026F262D500173129 /* Release */,
			);
			defaultConfigurationIsVisible = 0;
			defaultConfigurationName = Release;
		};
		2B86D3E126F262D500173129 /* Build configuration list for PBXNativeTarget "SimpleGithubSearchTests" */ = {
			isa = XCConfigurationList;
			buildConfigurations = (
				2B86D3E226F262D500173129 /* Debug */,
				2B86D3E326F262D500173129 /* Release */,
			);
			defaultConfigurationIsVisible = 0;
			defaultConfigurationName = Release;
		};
/* End XCConfigurationList section */
	};
	rootObject = 2B86D3AC26F262D400173129 /* Project object */;
}
