// !$*UTF8*$!
{
	archiveVersion = 1;
	classes = {
	};
	objectVersion = 50;
	objects = {

/* Begin PBXBuildFile section */
		2B86D3B826F262D400173129 /* AppDelegate.swift in Sources */ = {isa = PBXBuildFile; fileRef = 2B86D3B726F262D400173129 /* AppDelegate.swift */; };
		2B86D3BA26F262D400173129 /* SceneDelegate.swift in Sources */ = {isa = PBXBuildFile; fileRef = 2B86D3B926F262D400173129 /* SceneDelegate.swift */; };
		2B86D3BC26F262D400173129 /* ViewController.swift in Sources */ = {isa = PBXBuildFile; fileRef = 2B86D3BB26F262D400173129 /* ViewController.swift */; };
		2B86D3BF26F262D400173129 /* Main.storyboard in Resources */ = {isa = PBXBuildFile; fileRef = 2B86D3BD26F262D400173129 /* Main.storyboard */; };
		2B86D3C126F262D500173129 /* Assets.xcassets in Resources */ = {isa = PBXBuildFile; fileRef = 2B86D3C026F262D500173129 /* Assets.xcassets */; };
		2B86D3C426F262D500173129 /* LaunchScreen.storyboard in Resources */ = {isa = PBXBuildFile; fileRef = 2B86D3C226F262D500173129 /* LaunchScreen.storyboard */; };
		2B86D3CF26F262D500173129 /* SimpleGithubSearchTests.swift in Sources */ = {isa = PBXBuildFile; fileRef = 2B86D3CE26F262D500173129 /* SimpleGithubSearchTests.swift */; };
/* End PBXBuildFile section */

/* Begin PBXContainerItemProxy section */
		2B86D3CB26F262D500173129 /* PBXContainerItemProxy */ = {
			isa = PBXContainerItemProxy;
			containerPortal = 2B86D3AC26F262D400173129 /* Project object */;
			proxyType = 1;
			remoteGlobalIDString = 2B86D3B326F262D400173129;
			remoteInfo = SimpleGithubSearch;
		};
/* End PBXContainerItemProxy section */

/* Begin PBXFileReference section */
		2B86D3B426F262D400173129 /* SimpleGithubSearch.app */ = {isa = PBXFileReference; explicitFileType = wrapper.application; includeInIndex = 0; path = SimpleGithubSearch.app; sourceTree = BUILT_PRODUCTS_DIR; };
		2B86D3B726F262D400173129 /* AppDelegate.swift */ = {isa = PBXFileReference; lastKnownFileType = sourcecode.swift; path = AppDelegate.swift; sourceTree = "<group>"; };
		2B86D3B926F262D400173129 /* SceneDelegate.swift */ = {isa = PBXFileReference; lastKnownFileType = sourcecode.swift; path = SceneDelegate.swift; sourceTree = "<group>"; };
		2B86D3BB26F262D400173129 /* ViewController.swift */ = {isa = PBXFileReference; lastKnownFileType = sourcecode.swift; path = ViewController.swift; sourceTree = "<group>"; };
		2B86D3BE26F262D400173129 /* Base */ = {isa = PBXFileReference; lastKnownFileType = file.storyboard; name = Base; path = Base.lproj/Main.storyboard; sourceTree = "<group>"; };
		2B86D3C026F262D500173129 /* Assets.xcassets */ = {isa = PBXFileReference; lastKnownFileType = folder.assetcatalog; path = Assets.xcassets; sourceTree = "<group>"; };
		2B86D3C326F262D500173129 /* Base */ = {isa = PBXFileReference; lastKnownFileType = file.storyboard; name = Base; path = Base.lproj/LaunchScreen.storyboard; sourceTree = "<group>"; };
		2B86D3C526F262D500173129 /* Info.plist */ = {isa = PBXFileReference; lastKnownFileType = text.plist.xml; path = Info.plist; sourceTree = "<group>"; };
		2B86D3CA26F262D500173129 /* SimpleGithubSearchTests.xctest */ = {isa = PBXFileReference; explicitFileType = wrapper.cfbundle; includeInIndex = 0; path = SimpleGithubSearchTests.xctest; sourceTree = BUILT_PRODUCTS_DIR; };
		2B86D3CE26F262D500173129 /* SimpleGithubSearchTests.swift */ = {isa = PBXFileReference; lastKnownFileType = sourcecode.swift; path = SimpleGithubSearchTests.swift; sourceTree = "<group>"; };
		2B86D3D026F262D500173129 /* Info.plist */ = {isa = PBXFileReference; lastKnownFileType = text.plist.xml; path = Info.plist; sourceTree = "<group>"; };
/* End PBXFileReference section */

/* Begin PBXFrameworksBuildPhase section */
		2B86D3B126F262D400173129 /* Frameworks */ = {
			isa = PBXFrameworksBuildPhase;
			buildActionMask = 2147483647;
			files = (
			);
			runOnlyForDeploymentPostprocessing = 0;
		};
		2B86D3C726F262D500173129 /* Frameworks */ = {
			isa = PBXFrameworksBuildPhase;
			buildActionMask = 2147483647;
			files = (
			);
			runOnlyForDeploymentPostprocessing = 0;
		};
/* End PBXFrameworksBuildPhase section */

/* Begin PBXGroup section */
		2B86D3AB26F262D400173129 = {
			isa = PBXGroup;
			children = (
				2B86D3B626F262D400173129 /* SimpleGithubSearch */,
				2B86D3CD26F262D500173129 /* SimpleGithubSearchTests */,
				2B86D3B526F262D400173129 /* Products */,
			);
			sourceTree = "<group>";
		};
		2B86D3B526F262D400173129 /* Products */ = {
			isa = PBXGroup;
			children = (
				2B86D3B426F262D400173129 /* SimpleGithubSearch.app */,
				2B86D3CA26F262D500173129 /* SimpleGithubSearchTests.xctest */,
			);
			name = Products;
			sourceTree = "<group>";
		};
		2B86D3B626F262D400173129 /* SimpleGithubSearch */ = {
			isa = PBXGroup;
			children = (
				2B86D3EA26F2631000173129 /* Domain */,
				2B86D3E926F2630C00173129 /* Service */,
				2B86D3E826F2630700173129 /* Presentation */,
				2B86D3E726F2630300173129 /* Misc */,
			);
			path = SimpleGithubSearch;
			sourceTree = "<group>";
		};
		2B86D3CD26F262D500173129 /* SimpleGithubSearchTests */ = {
			isa = PBXGroup;
			children = (
				2B86D3CE26F262D500173129 /* SimpleGithubSearchTests.swift */,
				2B86D3D026F262D500173129 /* Info.plist */,
			);
			path = SimpleGithubSearchTests;
			sourceTree = "<group>";
		};
		2B86D3E726F2630300173129 /* Misc */ = {
			isa = PBXGroup;
			children = (
				2B86D3B726F262D400173129 /* AppDelegate.swift */,
				2B86D3B926F262D400173129 /* SceneDelegate.swift */,
				2B86D3C526F262D500173129 /* Info.plist */,
			);
			path = Misc;
			sourceTree = "<group>";
		};
		2B86D3E826F2630700173129 /* Presentation */ = {
			isa = PBXGroup;
			children = (
				2B86D3EC26F2638300173129 /* ViewModel */,
				2B86D3EB26F2637F00173129 /* View */,
				2B86D3C026F262D500173129 /* Assets.xcassets */,
			);
			path = Presentation;
			sourceTree = "<group>";
		};
		2B86D3E926F2630C00173129 /* Service */ = {
			isa = PBXGroup;
			children = (
				2B86D3EF26F263DB00173129 /* Network */,
				2B86D3EE26F263CE00173129 /* Interactor */,
			);
			name = Service;
			sourceTree = "<group>";
		};
		2B86D3EA26F2631000173129 /* Domain */ = {
			isa = PBXGroup;
			children = (
			);
			path = Domain;
			sourceTree = "<group>";
		};
		2B86D3EB26F2637F00173129 /* View */ = {
			isa = PBXGroup;
			children = (
				2B86D3C226F262D500173129 /* LaunchScreen.storyboard */,
				2B86D3BD26F262D400173129 /* Main.storyboard */,
				2B86D3BB26F262D400173129 /* ViewController.swift */,
			);
			path = View;
			sourceTree = "<group>";
		};
		2B86D3EC26F2638300173129 /* ViewModel */ = {
			isa = PBXGroup;
			children = (
			);
			path = ViewModel;
			sourceTree = "<group>";
		};
		2B86D3EE26F263CE00173129 /* Interactor */ = {
			isa = PBXGroup;
			children = (
			);
			name = Interactor;
			sourceTree = "<group>";
		};
		2B86D3EF26F263DB00173129 /* Network */ = {
			isa = PBXGroup;
			children = (
			);
			name = Network;
			sourceTree = "<group>";
		};
/* End PBXGroup section */

/* Begin PBXNativeTarget section */
		2B86D3B326F262D400173129 /* SimpleGithubSearch */ = {
			isa = PBXNativeTarget;
			buildConfigurationList = 2B86D3DE26F262D500173129 /* Build configuration list for PBXNativeTarget "SimpleGithubSearch" */;
			buildPhases = (
				2B86D3B026F262D400173129 /* Sources */,
				2B86D3B126F262D400173129 /* Frameworks */,
				2B86D3B226F262D400173129 /* Resources */,
			);
			buildRules = (
			);
			dependencies = (
			);
			name = SimpleGithubSearch;
			productName = SimpleGithubSearch;
			productReference = 2B86D3B426F262D400173129 /* SimpleGithubSearch.app */;
			productType = "com.apple.product-type.application";
		};
		2B86D3C926F262D500173129 /* SimpleGithubSearchTests */ = {
			isa = PBXNativeTarget;
			buildConfigurationList = 2B86D3E126F262D500173129 /* Build configuration list for PBXNativeTarget "SimpleGithubSearchTests" */;
			buildPhases = (
				2B86D3C626F262D500173129 /* Sources */,
				2B86D3C726F262D500173129 /* Frameworks */,
				2B86D3C826F262D500173129 /* Resources */,
			);
			buildRules = (
			);
			dependencies = (
				2B86D3CC26F262D500173129 /* PBXTargetDependency */,
			);
			name = SimpleGithubSearchTests;
			productName = SimpleGithubSearchTests;
			productReference = 2B86D3CA26F262D500173129 /* SimpleGithubSearchTests.xctest */;
			productType = "com.apple.product-type.bundle.unit-test";
		};
/* End PBXNativeTarget section */

/* Begin PBXProject section */
		2B86D3AC26F262D400173129 /* Project object */ = {
			isa = PBXProject;
			attributes = {
				LastSwiftUpdateCheck = 1250;
				LastUpgradeCheck = 1250;
				TargetAttributes = {
					2B86D3B326F262D400173129 = {
						CreatedOnToolsVersion = 12.5.1;
					};
					2B86D3C926F262D500173129 = {
						CreatedOnToolsVersion = 12.5.1;
						TestTargetID = 2B86D3B326F262D400173129;
					};
				};
			};
			buildConfigurationList = 2B86D3AF26F262D400173129 /* Build configuration list for PBXProject "SimpleGithubSearch" */;
			compatibilityVersion = "Xcode 9.3";
			developmentRegion = en;
			hasScannedForEncodings = 0;
			knownRegions = (
				en,
				Base,
			);
			mainGroup = 2B86D3AB26F262D400173129;
			productRefGroup = 2B86D3B526F262D400173129 /* Products */;
			projectDirPath = "";
			projectRoot = "";
			targets = (
				2B86D3B326F262D400173129 /* SimpleGithubSearch */,
				2B86D3C926F262D500173129 /* SimpleGithubSearchTests */,
			);
		};
/* End PBXProject section */

/* Begin PBXResourcesBuildPhase section */
		2B86D3B226F262D400173129 /* Resources */ = {
			isa = PBXResourcesBuildPhase;
			buildActionMask = 2147483647;
			files = (
				2B86D3C426F262D500173129 /* LaunchScreen.storyboard in Resources */,
				2B86D3C126F262D500173129 /* Assets.xcassets in Resources */,
				2B86D3BF26F262D400173129 /* Main.storyboard in Resources */,
			);
			runOnlyForDeploymentPostprocessing = 0;
		};
		2B86D3C826F262D500173129 /* Resources */ = {
			isa = PBXResourcesBuildPhase;
			buildActionMask = 2147483647;
			files = (
			);
			runOnlyForDeploymentPostprocessing = 0;
		};
/* End PBXResourcesBuildPhase section */

/* Begin PBXSourcesBuildPhase section */
		2B86D3B026F262D400173129 /* Sources */ = {
			isa = PBXSourcesBuildPhase;
			buildActionMask = 2147483647;
			files = (
				2B86D3BC26F262D400173129 /* ViewController.swift in Sources */,
				2B86D3B826F262D400173129 /* AppDelegate.swift in Sources */,
				2B86D3BA26F262D400173129 /* SceneDelegate.swift in Sources */,
			);
			runOnlyForDeploymentPostprocessing = 0;
		};
		2B86D3C626F262D500173129 /* Sources */ = {
			isa = PBXSourcesBuildPhase;
			buildActionMask = 2147483647;
			files = (
				2B86D3CF26F262D500173129 /* SimpleGithubSearchTests.swift in Sources */,
			);
			runOnlyForDeploymentPostprocessing = 0;
		};
/* End PBXSourcesBuildPhase section */

/* Begin PBXTargetDependency section */
		2B86D3CC26F262D500173129 /* PBXTargetDependency */ = {
			isa = PBXTargetDependency;
			target = 2B86D3B326F262D400173129 /* SimpleGithubSearch */;
			targetProxy = 2B86D3CB26F262D500173129 /* PBXContainerItemProxy */;
		};
/* End PBXTargetDependency section */

/* Begin PBXVariantGroup section */
		2B86D3BD26F262D400173129 /* Main.storyboard */ = {
			isa = PBXVariantGroup;
			children = (
				2B86D3BE26F262D400173129 /* Base */,
			);
			name = Main.storyboard;
			sourceTree = "<group>";
		};
		2B86D3C226F262D500173129 /* LaunchScreen.storyboard */ = {
			isa = PBXVariantGroup;
			children = (
				2B86D3C326F262D500173129 /* Base */,
			);
			name = LaunchScreen.storyboard;
			sourceTree = "<group>";
		};
/* End PBXVariantGroup section */

/* Begin XCBuildConfiguration section */
		2B86D3DC26F262D500173129 /* Debug */ = {
			isa = XCBuildConfiguration;
			buildSettings = {
				ALWAYS_SEARCH_USER_PATHS = NO;
				CLANG_ANALYZER_NONNULL = YES;
				CLANG_ANALYZER_NUMBER_OBJECT_CONVERSION = YES_AGGRESSIVE;
				CLANG_CXX_LANGUAGE_STANDARD = "gnu++14";
				CLANG_CXX_LIBRARY = "libc++";
				CLANG_ENABLE_MODULES = YES;
				CLANG_ENABLE_OBJC_ARC = YES;
				CLANG_ENABLE_OBJC_WEAK = YES;
				CLANG_WARN_BLOCK_CAPTURE_AUTORELEASING = YES;
				CLANG_WARN_BOOL_CONVERSION = YES;
				CLANG_WARN_COMMA = YES;
				CLANG_WARN_CONSTANT_CONVERSION = YES;
				CLANG_WARN_DEPRECATED_OBJC_IMPLEMENTATIONS = YES;
				CLANG_WARN_DIRECT_OBJC_ISA_USAGE = YES_ERROR;
				CLANG_WARN_DOCUMENTATION_COMMENTS = YES;
				CLANG_WARN_EMPTY_BODY = YES;
				CLANG_WARN_ENUM_CONVERSION = YES;
				CLANG_WARN_INFINITE_RECURSION = YES;
				CLANG_WARN_INT_CONVERSION = YES;
				CLANG_WARN_NON_LITERAL_NULL_CONVERSION = YES;
				CLANG_WARN_OBJC_IMPLICIT_RETAIN_SELF = YES;
				CLANG_WARN_OBJC_LITERAL_CONVERSION = YES;
				CLANG_WARN_OBJC_ROOT_CLASS = YES_ERROR;
				CLANG_WARN_QUOTED_INCLUDE_IN_FRAMEWORK_HEADER = YES;
				CLANG_WARN_RANGE_LOOP_ANALYSIS = YES;
				CLANG_WARN_STRICT_PROTOTYPES = YES;
				CLANG_WARN_SUSPICIOUS_MOVE = YES;
				CLANG_WARN_UNGUARDED_AVAILABILITY = YES_AGGRESSIVE;
				CLANG_WARN_UNREACHABLE_CODE = YES;
				CLANG_WARN__DUPLICATE_METHOD_MATCH = YES;
				COPY_PHASE_STRIP = NO;
				DEBUG_INFORMATION_FORMAT = dwarf;
				ENABLE_STRICT_OBJC_MSGSEND = YES;
				ENABLE_TESTABILITY = YES;
				GCC_C_LANGUAGE_STANDARD = gnu11;
				GCC_DYNAMIC_NO_PIC = NO;
				GCC_NO_COMMON_BLOCKS = YES;
				GCC_OPTIMIZATION_LEVEL = 0;
				GCC_PREPROCESSOR_DEFINITIONS = (
					"DEBUG=1",
					"$(inherited)",
				);
				GCC_WARN_64_TO_32_BIT_CONVERSION = YES;
				GCC_WARN_ABOUT_RETURN_TYPE = YES_ERROR;
				GCC_WARN_UNDECLARED_SELECTOR = YES;
				GCC_WARN_UNINITIALIZED_AUTOS = YES_AGGRESSIVE;
				GCC_WARN_UNUSED_FUNCTION = YES;
				GCC_WARN_UNUSED_VARIABLE = YES;
				IPHONEOS_DEPLOYMENT_TARGET = 14.5;
				MTL_ENABLE_DEBUG_INFO = INCLUDE_SOURCE;
				MTL_FAST_MATH = YES;
				ONLY_ACTIVE_ARCH = YES;
				SDKROOT = iphoneos;
				SWIFT_ACTIVE_COMPILATION_CONDITIONS = DEBUG;
				SWIFT_OPTIMIZATION_LEVEL = "-Onone";
			};
			name = Debug;
		};
		2B86D3DD26F262D500173129 /* Release */ = {
			isa = XCBuildConfiguration;
			buildSettings = {
				ALWAYS_SEARCH_USER_PATHS = NO;
				CLANG_ANALYZER_NONNULL = YES;
				CLANG_ANALYZER_NUMBER_OBJECT_CONVERSION = YES_AGGRESSIVE;
				CLANG_CXX_LANGUAGE_STANDARD = "gnu++14";
				CLANG_CXX_LIBRARY = "libc++";
				CLANG_ENABLE_MODULES = YES;
				CLANG_ENABLE_OBJC_ARC = YES;
				CLANG_ENABLE_OBJC_WEAK = YES;
				CLANG_WARN_BLOCK_CAPTURE_AUTORELEASING = YES;
				CLANG_WARN_BOOL_CONVERSION = YES;
				CLANG_WARN_COMMA = YES;
				CLANG_WARN_CONSTANT_CONVERSION = YES;
				CLANG_WARN_DEPRECATED_OBJC_IMPLEMENTATIONS = YES;
				CLANG_WARN_DIRECT_OBJC_ISA_USAGE = YES_ERROR;
				CLANG_WARN_DOCUMENTATION_COMMENTS = YES;
				CLANG_WARN_EMPTY_BODY = YES;
				CLANG_WARN_ENUM_CONVERSION = YES;
				CLANG_WARN_INFINITE_RECURSION = YES;
				CLANG_WARN_INT_CONVERSION = YES;
				CLANG_WARN_NON_LITERAL_NULL_CONVERSION = YES;
				CLANG_WARN_OBJC_IMPLICIT_RETAIN_SELF = YES;
				CLANG_WARN_OBJC_LITERAL_CONVERSION = YES;
				CLANG_WARN_OBJC_ROOT_CLASS = YES_ERROR;
				CLANG_WARN_QUOTED_INCLUDE_IN_FRAMEWORK_HEADER = YES;
				CLANG_WARN_RANGE_LOOP_ANALYSIS = YES;
				CLANG_WARN_STRICT_PROTOTYPES = YES;
				CLANG_WARN_SUSPICIOUS_MOVE = YES;
				CLANG_WARN_UNGUARDED_AVAILABILITY = YES_AGGRESSIVE;
				CLANG_WARN_UNREACHABLE_CODE = YES;
				CLANG_WARN__DUPLICATE_METHOD_MATCH = YES;
				COPY_PHASE_STRIP = NO;
				DEBUG_INFORMATION_FORMAT = "dwarf-with-dsym";
				ENABLE_NS_ASSERTIONS = NO;
				ENABLE_STRICT_OBJC_MSGSEND = YES;
				GCC_C_LANGUAGE_STANDARD = gnu11;
				GCC_NO_COMMON_BLOCKS = YES;
				GCC_WARN_64_TO_32_BIT_CONVERSION = YES;
				GCC_WARN_ABOUT_RETURN_TYPE = YES_ERROR;
				GCC_WARN_UNDECLARED_SELECTOR = YES;
				GCC_WARN_UNINITIALIZED_AUTOS = YES_AGGRESSIVE;
				GCC_WARN_UNUSED_FUNCTION = YES;
				GCC_WARN_UNUSED_VARIABLE = YES;
				IPHONEOS_DEPLOYMENT_TARGET = 14.5;
				MTL_ENABLE_DEBUG_INFO = NO;
				MTL_FAST_MATH = YES;
				SDKROOT = iphoneos;
				SWIFT_COMPILATION_MODE = wholemodule;
				SWIFT_OPTIMIZATION_LEVEL = "-O";
				VALIDATE_PRODUCT = YES;
			};
			name = Release;
		};
		2B86D3DF26F262D500173129 /* Debug */ = {
			isa = XCBuildConfiguration;
			buildSettings = {
				ASSETCATALOG_COMPILER_APPICON_NAME = AppIcon;
				ASSETCATALOG_COMPILER_GLOBAL_ACCENT_COLOR_NAME = AccentColor;
				CODE_SIGN_STYLE = Automatic;
				INFOPLIST_FILE = SimpleGithubSearch/Info.plist;
				LD_RUNPATH_SEARCH_PATHS = (
					"$(inherited)",
					"@executable_path/Frameworks",
				);
				PRODUCT_BUNDLE_IDENTIFIER = br.com.SimpleGithubSearch;
				PRODUCT_NAME = "$(TARGET_NAME)";
				SWIFT_VERSION = 5.0;
				TARGETED_DEVICE_FAMILY = "1,2";
			};
			name = Debug;
		};
		2B86D3E026F262D500173129 /* Release */ = {
			isa = XCBuildConfiguration;
			buildSettings = {
				ASSETCATALOG_COMPILER_APPICON_NAME = AppIcon;
				ASSETCATALOG_COMPILER_GLOBAL_ACCENT_COLOR_NAME = AccentColor;
				CODE_SIGN_STYLE = Automatic;
				INFOPLIST_FILE = SimpleGithubSearch/Info.plist;
				LD_RUNPATH_SEARCH_PATHS = (
					"$(inherited)",
					"@executable_path/Frameworks",
				);
				PRODUCT_BUNDLE_IDENTIFIER = br.com.SimpleGithubSearch;
				PRODUCT_NAME = "$(TARGET_NAME)";
				SWIFT_VERSION = 5.0;
				TARGETED_DEVICE_FAMILY = "1,2";
			};
			name = Release;
		};
		2B86D3E226F262D500173129 /* Debug */ = {
			isa = XCBuildConfiguration;
			buildSettings = {
				ALWAYS_EMBED_SWIFT_STANDARD_LIBRARIES = YES;
				BUNDLE_LOADER = "$(TEST_HOST)";
				CODE_SIGN_STYLE = Automatic;
				INFOPLIST_FILE = SimpleGithubSearchTests/Info.plist;
				IPHONEOS_DEPLOYMENT_TARGET = 14.5;
				LD_RUNPATH_SEARCH_PATHS = (
					"$(inherited)",
					"@executable_path/Frameworks",
					"@loader_path/Frameworks",
				);
				PRODUCT_BUNDLE_IDENTIFIER = br.com.SimpleGithubSearchTests;
				PRODUCT_NAME = "$(TARGET_NAME)";
				SWIFT_VERSION = 5.0;
				TARGETED_DEVICE_FAMILY = "1,2";
				TEST_HOST = "$(BUILT_PRODUCTS_DIR)/SimpleGithubSearch.app/SimpleGithubSearch";
			};
			name = Debug;
		};
		2B86D3E326F262D500173129 /* Release */ = {
			isa = XCBuildConfiguration;
			buildSettings = {
				ALWAYS_EMBED_SWIFT_STANDARD_LIBRARIES = YES;
				BUNDLE_LOADER = "$(TEST_HOST)";
				CODE_SIGN_STYLE = Automatic;
				INFOPLIST_FILE = SimpleGithubSearchTests/Info.plist;
				IPHONEOS_DEPLOYMENT_TARGET = 14.5;
				LD_RUNPATH_SEARCH_PATHS = (
					"$(inherited)",
					"@executable_path/Frameworks",
					"@loader_path/Frameworks",
				);
				PRODUCT_BUNDLE_IDENTIFIER = br.com.SimpleGithubSearchTests;
				PRODUCT_NAME = "$(TARGET_NAME)";
				SWIFT_VERSION = 5.0;
				TARGETED_DEVICE_FAMILY = "1,2";
				TEST_HOST = "$(BUILT_PRODUCTS_DIR)/SimpleGithubSearch.app/SimpleGithubSearch";
			};
			name = Release;
		};
/* End XCBuildConfiguration section */

/* Begin XCConfigurationList section */
		2B86D3AF26F262D400173129 /* Build configuration list for PBXProject "SimpleGithubSearch" */ = {
			isa = XCConfigurationList;
			buildConfigurations = (
				2B86D3DC26F262D500173129 /* Debug */,
				2B86D3DD26F262D500173129 /* Release */,
			);
			defaultConfigurationIsVisible = 0;
			defaultConfigurationName = Release;
		};
		2B86D3DE26F262D500173129 /* Build configuration list for PBXNativeTarget "SimpleGithubSearch" */ = {
			isa = XCConfigurationList;
			buildConfigurations = (
				2B86D3DF26F262D500173129 /* Debug */,
				2B86D3E026F262D500173129 /* Release */,
			);
			defaultConfigurationIsVisible = 0;
			defaultConfigurationName = Release;
		};
		2B86D3E126F262D500173129 /* Build configuration list for PBXNativeTarget "SimpleGithubSearchTests" */ = {
			isa = XCConfigurationList;
			buildConfigurations = (
				2B86D3E226F262D500173129 /* Debug */,
				2B86D3E326F262D500173129 /* Release */,
			);
			defaultConfigurationIsVisible = 0;
			defaultConfigurationName = Release;
		};
/* End XCConfigurationList section */
	};
	rootObject = 2B86D3AC26F262D400173129 /* Project object */;
}
